// !$*UTF8*$!
{
	archiveVersion = 1;
	classes = {
	};
	objectVersion = 46;
	objects = {

/* Begin PBXBuildFile section */
		8CA3357E1A3588AA002DB3AB /* FileUtil.swift in Sources */ = {isa = PBXBuildFile; fileRef = 8CA3357D1A3588AA002DB3AB /* FileUtil.swift */; };
		CD3225F11A346F4400251BDF /* Main.storyboard in Resources */ = {isa = PBXBuildFile; fileRef = CD3225EF1A346F4400251BDF /* Main.storyboard */; };
		CD3225F31A346F4400251BDF /* Images.xcassets in Resources */ = {isa = PBXBuildFile; fileRef = CD3225F21A346F4400251BDF /* Images.xcassets */; };
		CD3225F61A346F4400251BDF /* LaunchScreen.xib in Resources */ = {isa = PBXBuildFile; fileRef = CD3225F41A346F4400251BDF /* LaunchScreen.xib */; };
		CD3226021A346F4400251BDF /* MKSMediaPickerTests.swift in Sources */ = {isa = PBXBuildFile; fileRef = CD3226011A346F4400251BDF /* MKSMediaPickerTests.swift */; };
		CD32260D1A34713200251BDF /* MKSImagePicker.swift in Sources */ = {isa = PBXBuildFile; fileRef = CD32260C1A34713200251BDF /* MKSImagePicker.swift */; };
		CD3226131A34717900251BDF /* AppDelegate.swift in Sources */ = {isa = PBXBuildFile; fileRef = CD32260F1A34717900251BDF /* AppDelegate.swift */; };
		CD3226141A34717900251BDF /* MKSLandingViewController.swift in Sources */ = {isa = PBXBuildFile; fileRef = CD3226121A34717900251BDF /* MKSLandingViewController.swift */; };
		CD7890661D0CB7FF0019F9A5 /* CustomCollectionViewCell.swift in Sources */ = {isa = PBXBuildFile; fileRef = CD7890641D0CB7FF0019F9A5 /* CustomCollectionViewCell.swift */; };
		CD7890671D0CB7FF0019F9A5 /* CustomCollectionViewCell.xib in Resources */ = {isa = PBXBuildFile; fileRef = CD7890651D0CB7FF0019F9A5 /* CustomCollectionViewCell.xib */; };
/* End PBXBuildFile section */

/* Begin PBXContainerItemProxy section */
		CD3225FC1A346F4400251BDF /* PBXContainerItemProxy */ = {
			isa = PBXContainerItemProxy;
			containerPortal = CD3225DE1A346F4400251BDF /* Project object */;
			proxyType = 1;
			remoteGlobalIDString = CD3225E51A346F4400251BDF;
			remoteInfo = MKSMediaPicker;
		};
/* End PBXContainerItemProxy section */

/* Begin PBXFileReference section */
		8CA3357D1A3588AA002DB3AB /* FileUtil.swift */ = {isa = PBXFileReference; fileEncoding = 4; lastKnownFileType = sourcecode.swift; path = FileUtil.swift; sourceTree = "<group>"; };
		CD3225E61A346F4400251BDF /* MKSMediaPicker.app */ = {isa = PBXFileReference; explicitFileType = wrapper.application; includeInIndex = 0; path = MKSMediaPicker.app; sourceTree = BUILT_PRODUCTS_DIR; };
		CD3225EA1A346F4400251BDF /* Info.plist */ = {isa = PBXFileReference; lastKnownFileType = text.plist.xml; path = Info.plist; sourceTree = "<group>"; };
		CD3225F01A346F4400251BDF /* Base */ = {isa = PBXFileReference; lastKnownFileType = file.storyboard; name = Base; path = Base.lproj/Main.storyboard; sourceTree = "<group>"; };
		CD3225F21A346F4400251BDF /* Images.xcassets */ = {isa = PBXFileReference; lastKnownFileType = folder.assetcatalog; path = Images.xcassets; sourceTree = "<group>"; };
		CD3225F51A346F4400251BDF /* Base */ = {isa = PBXFileReference; lastKnownFileType = file.xib; name = Base; path = Base.lproj/LaunchScreen.xib; sourceTree = "<group>"; };
		CD3225FB1A346F4400251BDF /* MKSMediaPickerTests.xctest */ = {isa = PBXFileReference; explicitFileType = wrapper.cfbundle; includeInIndex = 0; path = MKSMediaPickerTests.xctest; sourceTree = BUILT_PRODUCTS_DIR; };
		CD3226001A346F4400251BDF /* Info.plist */ = {isa = PBXFileReference; lastKnownFileType = text.plist.xml; path = Info.plist; sourceTree = "<group>"; };
		CD3226011A346F4400251BDF /* MKSMediaPickerTests.swift */ = {isa = PBXFileReference; lastKnownFileType = sourcecode.swift; path = MKSMediaPickerTests.swift; sourceTree = "<group>"; };
		CD32260C1A34713200251BDF /* MKSImagePicker.swift */ = {isa = PBXFileReference; fileEncoding = 4; lastKnownFileType = sourcecode.swift; path = MKSImagePicker.swift; sourceTree = "<group>"; };
		CD32260F1A34717900251BDF /* AppDelegate.swift */ = {isa = PBXFileReference; fileEncoding = 4; lastKnownFileType = sourcecode.swift; path = AppDelegate.swift; sourceTree = "<group>"; };
		CD3226121A34717900251BDF /* MKSLandingViewController.swift */ = {isa = PBXFileReference; fileEncoding = 4; lastKnownFileType = sourcecode.swift; path = MKSLandingViewController.swift; sourceTree = "<group>"; };
		CD7890641D0CB7FF0019F9A5 /* CustomCollectionViewCell.swift */ = {isa = PBXFileReference; fileEncoding = 4; lastKnownFileType = sourcecode.swift; path = CustomCollectionViewCell.swift; sourceTree = "<group>"; };
		CD7890651D0CB7FF0019F9A5 /* CustomCollectionViewCell.xib */ = {isa = PBXFileReference; fileEncoding = 4; lastKnownFileType = file.xib; path = CustomCollectionViewCell.xib; sourceTree = "<group>"; };
/* End PBXFileReference section */

/* Begin PBXFrameworksBuildPhase section */
		CD3225E31A346F4400251BDF /* Frameworks */ = {
			isa = PBXFrameworksBuildPhase;
			buildActionMask = 2147483647;
			files = (
			);
			runOnlyForDeploymentPostprocessing = 0;
		};
		CD3225F81A346F4400251BDF /* Frameworks */ = {
			isa = PBXFrameworksBuildPhase;
			buildActionMask = 2147483647;
			files = (
			);
			runOnlyForDeploymentPostprocessing = 0;
		};
/* End PBXFrameworksBuildPhase section */

/* Begin PBXGroup section */
		8CA3357B1A3588AA002DB3AB /* Utils */ = {
			isa = PBXGroup;
			children = (
				8CA3357C1A3588AA002DB3AB /* Extensions */,
			);
			path = Utils;
			sourceTree = "<group>";
		};
		8CA3357C1A3588AA002DB3AB /* Extensions */ = {
			isa = PBXGroup;
			children = (
				8CA3357D1A3588AA002DB3AB /* FileUtil.swift */,
			);
			path = Extensions;
			sourceTree = "<group>";
		};
		CD3225DD1A346F4400251BDF = {
			isa = PBXGroup;
			children = (
				CD3225E81A346F4400251BDF /* MKSMediaPicker */,
				CD3225FE1A346F4400251BDF /* MKSMediaPickerTests */,
				CD3225E71A346F4400251BDF /* Products */,
			);
			sourceTree = "<group>";
		};
		CD3225E71A346F4400251BDF /* Products */ = {
			isa = PBXGroup;
			children = (
				CD3225E61A346F4400251BDF /* MKSMediaPicker.app */,
				CD3225FB1A346F4400251BDF /* MKSMediaPickerTests.xctest */,
			);
			name = Products;
			sourceTree = "<group>";
		};
		CD3225E81A346F4400251BDF /* MKSMediaPicker */ = {
			isa = PBXGroup;
			children = (
				8CA3357B1A3588AA002DB3AB /* Utils */,
				CD32260E1A34717900251BDF /* AppDelegate */,
				CD3226101A34717900251BDF /* ViewController */,
				CD32260B1A34713200251BDF /* MediaPicker */,
				CD3225F21A346F4400251BDF /* Images.xcassets */,
				CD3225E91A346F4400251BDF /* Supporting Files */,
				CD3226151A34717E00251BDF /* StoryBoard */,
			);
			path = MKSMediaPicker;
			sourceTree = "<group>";
		};
		CD3225E91A346F4400251BDF /* Supporting Files */ = {
			isa = PBXGroup;
			children = (
				CD3225EA1A346F4400251BDF /* Info.plist */,
			);
			name = "Supporting Files";
			sourceTree = "<group>";
		};
		CD3225FE1A346F4400251BDF /* MKSMediaPickerTests */ = {
			isa = PBXGroup;
			children = (
				CD3226011A346F4400251BDF /* MKSMediaPickerTests.swift */,
				CD3225FF1A346F4400251BDF /* Supporting Files */,
			);
			path = MKSMediaPickerTests;
			sourceTree = "<group>";
		};
		CD3225FF1A346F4400251BDF /* Supporting Files */ = {
			isa = PBXGroup;
			children = (
				CD3226001A346F4400251BDF /* Info.plist */,
			);
			name = "Supporting Files";
			sourceTree = "<group>";
		};
		CD32260B1A34713200251BDF /* MediaPicker */ = {
			isa = PBXGroup;
			children = (
				CD32260C1A34713200251BDF /* MKSImagePicker.swift */,
			);
			path = MediaPicker;
			sourceTree = "<group>";
		};
		CD32260E1A34717900251BDF /* AppDelegate */ = {
			isa = PBXGroup;
			children = (
				CD32260F1A34717900251BDF /* AppDelegate.swift */,
			);
			path = AppDelegate;
			sourceTree = "<group>";
		};
		CD3226101A34717900251BDF /* ViewController */ = {
			isa = PBXGroup;
			children = (
				CD3226111A34717900251BDF /* LandingViewController */,
			);
			path = ViewController;
			sourceTree = "<group>";
		};
		CD3226111A34717900251BDF /* LandingViewController */ = {
			isa = PBXGroup;
			children = (
				CD3226121A34717900251BDF /* MKSLandingViewController.swift */,
				CD7890641D0CB7FF0019F9A5 /* CustomCollectionViewCell.swift */,
				CD7890651D0CB7FF0019F9A5 /* CustomCollectionViewCell.xib */,
			);
			path = LandingViewController;
			sourceTree = "<group>";
		};
		CD3226151A34717E00251BDF /* StoryBoard */ = {
			isa = PBXGroup;
			children = (
				CD3225EF1A346F4400251BDF /* Main.storyboard */,
				CD3225F41A346F4400251BDF /* LaunchScreen.xib */,
			);
			name = StoryBoard;
			sourceTree = "<group>";
		};
/* End PBXGroup section */

/* Begin PBXNativeTarget section */
		CD3225E51A346F4400251BDF /* MKSMediaPicker */ = {
			isa = PBXNativeTarget;
			buildConfigurationList = CD3226051A346F4400251BDF /* Build configuration list for PBXNativeTarget "MKSMediaPicker" */;
			buildPhases = (
				CD3225E21A346F4400251BDF /* Sources */,
				CD3225E31A346F4400251BDF /* Frameworks */,
				CD3225E41A346F4400251BDF /* Resources */,
			);
			buildRules = (
			);
			dependencies = (
			);
			name = MKSMediaPicker;
			productName = MKSMediaPicker;
			productReference = CD3225E61A346F4400251BDF /* MKSMediaPicker.app */;
			productType = "com.apple.product-type.application";
		};
		CD3225FA1A346F4400251BDF /* MKSMediaPickerTests */ = {
			isa = PBXNativeTarget;
			buildConfigurationList = CD3226081A346F4400251BDF /* Build configuration list for PBXNativeTarget "MKSMediaPickerTests" */;
			buildPhases = (
				CD3225F71A346F4400251BDF /* Sources */,
				CD3225F81A346F4400251BDF /* Frameworks */,
				CD3225F91A346F4400251BDF /* Resources */,
			);
			buildRules = (
			);
			dependencies = (
				CD3225FD1A346F4400251BDF /* PBXTargetDependency */,
			);
			name = MKSMediaPickerTests;
			productName = MKSMediaPickerTests;
			productReference = CD3225FB1A346F4400251BDF /* MKSMediaPickerTests.xctest */;
			productType = "com.apple.product-type.bundle.unit-test";
		};
/* End PBXNativeTarget section */

/* Begin PBXProject section */
		CD3225DE1A346F4400251BDF /* Project object */ = {
			isa = PBXProject;
			attributes = {
				LastSwiftMigration = 0720;
				LastSwiftUpdateCheck = 0720;
				LastUpgradeCheck = 0600;
				ORGANIZATIONNAME = KSMobileSoft;
				TargetAttributes = {
					CD3225E51A346F4400251BDF = {
						CreatedOnToolsVersion = 6.0;
					};
					CD3225FA1A346F4400251BDF = {
						CreatedOnToolsVersion = 6.0;
						TestTargetID = CD3225E51A346F4400251BDF;
					};
				};
			};
			buildConfigurationList = CD3225E11A346F4400251BDF /* Build configuration list for PBXProject "MKSMediaPicker" */;
			compatibilityVersion = "Xcode 3.2";
			developmentRegion = English;
			hasScannedForEncodings = 0;
			knownRegions = (
				en,
				Base,
			);
			mainGroup = CD3225DD1A346F4400251BDF;
			productRefGroup = CD3225E71A346F4400251BDF /* Products */;
			projectDirPath = "";
			projectRoot = "";
			targets = (
				CD3225E51A346F4400251BDF /* MKSMediaPicker */,
				CD3225FA1A346F4400251BDF /* MKSMediaPickerTests */,
			);
		};
/* End PBXProject section */

/* Begin PBXResourcesBuildPhase section */
		CD3225E41A346F4400251BDF /* Resources */ = {
			isa = PBXResourcesBuildPhase;
			buildActionMask = 2147483647;
			files = (
				CD3225F11A346F4400251BDF /* Main.storyboard in Resources */,
				CD3225F61A346F4400251BDF /* LaunchScreen.xib in Resources */,
				CD3225F31A346F4400251BDF /* Images.xcassets in Resources */,
				CD7890671D0CB7FF0019F9A5 /* CustomCollectionViewCell.xib in Resources */,
			);
			runOnlyForDeploymentPostprocessing = 0;
		};
		CD3225F91A346F4400251BDF /* Resources */ = {
			isa = PBXResourcesBuildPhase;
			buildActionMask = 2147483647;
			files = (
			);
			runOnlyForDeploymentPostprocessing = 0;
		};
/* End PBXResourcesBuildPhase section */

/* Begin PBXSourcesBuildPhase section */
		CD3225E21A346F4400251BDF /* Sources */ = {
			isa = PBXSourcesBuildPhase;
			buildActionMask = 2147483647;
			files = (
				CD3226141A34717900251BDF /* MKSLandingViewController.swift in Sources */,
				CD7890661D0CB7FF0019F9A5 /* CustomCollectionViewCell.swift in Sources */,
				CD3226131A34717900251BDF /* AppDelegate.swift in Sources */,
				CD32260D1A34713200251BDF /* MKSImagePicker.swift in Sources */,
				8CA3357E1A3588AA002DB3AB /* FileUtil.swift in Sources */,
			);
			runOnlyForDeploymentPostprocessing = 0;
		};
		CD3225F71A346F4400251BDF /* Sources */ = {
			isa = PBXSourcesBuildPhase;
			buildActionMask = 2147483647;
			files = (
				CD3226021A346F4400251BDF /* MKSMediaPickerTests.swift in Sources */,
			);
			runOnlyForDeploymentPostprocessing = 0;
		};
/* End PBXSourcesBuildPhase section */

/* Begin PBXTargetDependency section */
		CD3225FD1A346F4400251BDF /* PBXTargetDependency */ = {
			isa = PBXTargetDependency;
			target = CD3225E51A346F4400251BDF /* MKSMediaPicker */;
			targetProxy = CD3225FC1A346F4400251BDF /* PBXContainerItemProxy */;
		};
/* End PBXTargetDependency section */

/* Begin PBXVariantGroup section */
		CD3225EF1A346F4400251BDF /* Main.storyboard */ = {
			isa = PBXVariantGroup;
			children = (
				CD3225F01A346F4400251BDF /* Base */,
			);
			name = Main.storyboard;
			sourceTree = "<group>";
		};
		CD3225F41A346F4400251BDF /* LaunchScreen.xib */ = {
			isa = PBXVariantGroup;
			children = (
				CD3225F51A346F4400251BDF /* Base */,
			);
			name = LaunchScreen.xib;
			sourceTree = "<group>";
		};
/* End PBXVariantGroup section */

/* Begin XCBuildConfiguration section */
		CD3226031A346F4400251BDF /* Debug */ = {
			isa = XCBuildConfiguration;
			buildSettings = {
				ALWAYS_SEARCH_USER_PATHS = NO;
				CLANG_CXX_LANGUAGE_STANDARD = "gnu++0x";
				CLANG_CXX_LIBRARY = "libc++";
				CLANG_ENABLE_MODULES = YES;
				CLANG_ENABLE_OBJC_ARC = YES;
				CLANG_WARN_BOOL_CONVERSION = YES;
				CLANG_WARN_CONSTANT_CONVERSION = YES;
				CLANG_WARN_DIRECT_OBJC_ISA_USAGE = YES_ERROR;
				CLANG_WARN_EMPTY_BODY = YES;
				CLANG_WARN_ENUM_CONVERSION = YES;
				CLANG_WARN_INT_CONVERSION = YES;
				CLANG_WARN_OBJC_ROOT_CLASS = YES_ERROR;
				CLANG_WARN_UNREACHABLE_CODE = YES;
				CLANG_WARN__DUPLICATE_METHOD_MATCH = YES;
				"CODE_SIGN_IDENTITY[sdk=iphoneos*]" = "iPhone Developer";
				COPY_PHASE_STRIP = NO;
				ENABLE_STRICT_OBJC_MSGSEND = YES;
				GCC_C_LANGUAGE_STANDARD = gnu99;
				GCC_DYNAMIC_NO_PIC = NO;
				GCC_OPTIMIZATION_LEVEL = 0;
				GCC_PREPROCESSOR_DEFINITIONS = (
					"DEBUG=1",
					"$(inherited)",
				);
				GCC_SYMBOLS_PRIVATE_EXTERN = NO;
				GCC_WARN_64_TO_32_BIT_CONVERSION = YES;
				GCC_WARN_ABOUT_RETURN_TYPE = YES_ERROR;
				GCC_WARN_UNDECLARED_SELECTOR = YES;
				GCC_WARN_UNINITIALIZED_AUTOS = YES_AGGRESSIVE;
				GCC_WARN_UNUSED_FUNCTION = YES;
				GCC_WARN_UNUSED_VARIABLE = YES;
				IPHONEOS_DEPLOYMENT_TARGET = 8.0;
				MTL_ENABLE_DEBUG_INFO = YES;
				ONLY_ACTIVE_ARCH = YES;
				SDKROOT = iphoneos;
				SWIFT_OPTIMIZATION_LEVEL = "-Onone";
				TARGETED_DEVICE_FAMILY = "1,2";
			};
			name = Debug;
		};
		CD3226041A346F4400251BDF /* Release */ = {
			isa = XCBuildConfiguration;
			buildSettings = {
				ALWAYS_SEARCH_USER_PATHS = NO;
				CLANG_CXX_LANGUAGE_STANDARD = "gnu++0x";
				CLANG_CXX_LIBRARY = "libc++";
				CLANG_ENABLE_MODULES = YES;
				CLANG_ENABLE_OBJC_ARC = YES;
				CLANG_WARN_BOOL_CONVERSION = YES;
				CLANG_WARN_CONSTANT_CONVERSION = YES;
				CLANG_WARN_DIRECT_OBJC_ISA_USAGE = YES_ERROR;
				CLANG_WARN_EMPTY_BODY = YES;
				CLANG_WARN_ENUM_CONVERSION = YES;
				CLANG_WARN_INT_CONVERSION = YES;
				CLANG_WARN_OBJC_ROOT_CLASS = YES_ERROR;
				CLANG_WARN_UNREACHABLE_CODE = YES;
				CLANG_WARN__DUPLICATE_METHOD_MATCH = YES;
				"CODE_SIGN_IDENTITY[sdk=iphoneos*]" = "iPhone Developer";
				COPY_PHASE_STRIP = YES;
				ENABLE_NS_ASSERTIONS = NO;
				ENABLE_STRICT_OBJC_MSGSEND = YES;
				GCC_C_LANGUAGE_STANDARD = gnu99;
				GCC_WARN_64_TO_32_BIT_CONVERSION = YES;
				GCC_WARN_ABOUT_RETURN_TYPE = YES_ERROR;
				GCC_WARN_UNDECLARED_SELECTOR = YES;
				GCC_WARN_UNINITIALIZED_AUTOS = YES_AGGRESSIVE;
				GCC_WARN_UNUSED_FUNCTION = YES;
				GCC_WARN_UNUSED_VARIABLE = YES;
				IPHONEOS_DEPLOYMENT_TARGET = 8.0;
				MTL_ENABLE_DEBUG_INFO = NO;
				SDKROOT = iphoneos;
				TARGETED_DEVICE_FAMILY = "1,2";
				VALIDATE_PRODUCT = YES;
			};
			name = Release;
		};
		CD3226061A346F4400251BDF /* Debug */ = {
			isa = XCBuildConfiguration;
			buildSettings = {
				ASSETCATALOG_COMPILER_APPICON_NAME = AppIcon;
				INFOPLIST_FILE = MKSMediaPicker/Info.plist;
				LD_RUNPATH_SEARCH_PATHS = "$(inherited) @executable_path/Frameworks";
				PRODUCT_NAME = "$(TARGET_NAME)";
			};
			name = Debug;
		};
		CD3226071A346F4400251BDF /* Release */ = {
			isa = XCBuildConfiguration;
			buildSettings = {
				ASSETCATALOG_COMPILER_APPICON_NAME = AppIcon;
				INFOPLIST_FILE = MKSMediaPicker/Info.plist;
				LD_RUNPATH_SEARCH_PATHS = "$(inherited) @executable_path/Frameworks";
				PRODUCT_NAME = "$(TARGET_NAME)";
			};
			name = Release;
		};
		CD3226091A346F4400251BDF /* Debug */ = {
			isa = XCBuildConfiguration;
			buildSettings = {
				BUNDLE_LOADER = "$(TEST_HOST)";
				FRAMEWORK_SEARCH_PATHS = (
					"$(SDKROOT)/Developer/Library/Frameworks",
					"$(inherited)",
				);
				GCC_PREPROCESSOR_DEFINITIONS = (
					"DEBUG=1",
					"$(inherited)",
				);
				INFOPLIST_FILE = MKSMediaPickerTests/Info.plist;
				LD_RUNPATH_SEARCH_PATHS = "$(inherited) @executable_path/Frameworks @loader_path/Frameworks";
				PRODUCT_NAME = "$(TARGET_NAME)";
				TEST_HOST = "$(BUILT_PRODUCTS_DIR)/MKSMediaPicker.app/MKSMediaPicker";
			};
			name = Debug;
		};
		CD32260A1A346F4400251BDF /* Release */ = {
			isa = XCBuildConfiguration;
			buildSettings = {
				BUNDLE_LOADER = "$(TEST_HOST)";
				FRAMEWORK_SEARCH_PATHS = (
					"$(SDKROOT)/Developer/Library/Frameworks",
					"$(inherited)",
				);
				INFOPLIST_FILE = MKSMediaPickerTests/Info.plist;
				LD_RUNPATH_SEARCH_PATHS = "$(inherited) @executable_path/Frameworks @loader_path/Frameworks";
				PRODUCT_NAME = "$(TARGET_NAME)";
				TEST_HOST = "$(BUILT_PRODUCTS_DIR)/MKSMediaPicker.app/MKSMediaPicker";
			};
			name = Release;
		};
/* End XCBuildConfiguration section */

/* Begin XCConfigurationList section */
		CD3225E11A346F4400251BDF /* Build configuration list for PBXProject "MKSMediaPicker" */ = {
			isa = XCConfigurationList;
			buildConfigurations = (
				CD3226031A346F4400251BDF /* Debug */,
				CD3226041A346F4400251BDF /* Release */,
			);
			defaultConfigurationIsVisible = 0;
			defaultConfigurationName = Release;
		};
		CD3226051A346F4400251BDF /* Build configuration list for PBXNativeTarget "MKSMediaPicker" */ = {
			isa = XCConfigurationList;
			buildConfigurations = (
				CD3226061A346F4400251BDF /* Debug */,
				CD3226071A346F4400251BDF /* Release */,
			);
			defaultConfigurationIsVisible = 0;
			defaultConfigurationName = Release;
		};
		CD3226081A346F4400251BDF /* Build configuration list for PBXNativeTarget "MKSMediaPickerTests" */ = {
			isa = XCConfigurationList;
			buildConfigurations = (
				CD3226091A346F4400251BDF /* Debug */,
				CD32260A1A346F4400251BDF /* Release */,
			);
			defaultConfigurationIsVisible = 0;
			defaultConfigurationName = Release;
		};
/* End XCConfigurationList section */
	};
	rootObject = CD3225DE1A346F4400251BDF /* Project object */;
}
